// !$*UTF8*$!
{
	archiveVersion = 1;
	classes = {
	};
	objectVersion = 50;
	objects = {

/* Begin PBXBuildFile section */
		2B0BAE93256FC5C7002E7654 /* .gitignore in Resources */ = {isa = PBXBuildFile; fileRef = 2B0BAE92256FC5C7002E7654 /* .gitignore */; };
		2BD1E7A6254D69AF00DAB290 /* AppDelegate.swift in Sources */ = {isa = PBXBuildFile; fileRef = 2BD1E7A5254D69AF00DAB290 /* AppDelegate.swift */; };
		2BD1E7A8254D69AF00DAB290 /* SceneDelegate.swift in Sources */ = {isa = PBXBuildFile; fileRef = 2BD1E7A7254D69AF00DAB290 /* SceneDelegate.swift */; };
		2BD1E7AA254D69AF00DAB290 /* ViewController.swift in Sources */ = {isa = PBXBuildFile; fileRef = 2BD1E7A9254D69AF00DAB290 /* ViewController.swift */; };
		2BD1E7AD254D69AF00DAB290 /* Main.storyboard in Resources */ = {isa = PBXBuildFile; fileRef = 2BD1E7AB254D69AF00DAB290 /* Main.storyboard */; };
		2BD1E7AF254D69B100DAB290 /* Assets.xcassets in Resources */ = {isa = PBXBuildFile; fileRef = 2BD1E7AE254D69B100DAB290 /* Assets.xcassets */; };
		2BD1E7B2254D69B100DAB290 /* LaunchScreen.storyboard in Resources */ = {isa = PBXBuildFile; fileRef = 2BD1E7B0254D69B100DAB290 /* LaunchScreen.storyboard */; };
		2BD1E7DD254D81FC00DAB290 /* CoreDataStack.swift in Sources */ = {isa = PBXBuildFile; fileRef = 2BD1E7DC254D81FC00DAB290 /* CoreDataStack.swift */; };
		2BD1E7E3254D83E400DAB290 /* MyMeals.xcdatamodeld in Sources */ = {isa = PBXBuildFile; fileRef = 2BD1E7E1254D83E400DAB290 /* MyMeals.xcdatamodeld */; };
		2BD1E7E8254D84CB00DAB290 /* User+CoreDataClass.swift in Sources */ = {isa = PBXBuildFile; fileRef = 2BD1E7E4254D84CB00DAB290 /* User+CoreDataClass.swift */; };
		2BD1E7E9254D84CB00DAB290 /* User+CoreDataProperties.swift in Sources */ = {isa = PBXBuildFile; fileRef = 2BD1E7E5254D84CB00DAB290 /* User+CoreDataProperties.swift */; };
		2BD1E7EA254D84CB00DAB290 /* Meal+CoreDataClass.swift in Sources */ = {isa = PBXBuildFile; fileRef = 2BD1E7E6254D84CB00DAB290 /* Meal+CoreDataClass.swift */; };
		2BD1E7EB254D84CB00DAB290 /* Meal+CoreDataProperties.swift in Sources */ = {isa = PBXBuildFile; fileRef = 2BD1E7E7254D84CB00DAB290 /* Meal+CoreDataProperties.swift */; };
/* End PBXBuildFile section */

/* Begin PBXFileReference section */
		2B0BAE92256FC5C7002E7654 /* .gitignore */ = {isa = PBXFileReference; lastKnownFileType = text; path = .gitignore; sourceTree = "<group>"; };
		2BD1E7A2254D69AF00DAB290 /* MyMealsCoreData.app */ = {isa = PBXFileReference; explicitFileType = wrapper.application; includeInIndex = 0; path = MyMealsCoreData.app; sourceTree = BUILT_PRODUCTS_DIR; };
		2BD1E7A5254D69AF00DAB290 /* AppDelegate.swift */ = {isa = PBXFileReference; lastKnownFileType = sourcecode.swift; path = AppDelegate.swift; sourceTree = "<group>"; };
		2BD1E7A7254D69AF00DAB290 /* SceneDelegate.swift */ = {isa = PBXFileReference; lastKnownFileType = sourcecode.swift; path = SceneDelegate.swift; sourceTree = "<group>"; };
		2BD1E7A9254D69AF00DAB290 /* ViewController.swift */ = {isa = PBXFileReference; lastKnownFileType = sourcecode.swift; path = ViewController.swift; sourceTree = "<group>"; };
		2BD1E7AC254D69AF00DAB290 /* Base */ = {isa = PBXFileReference; lastKnownFileType = file.storyboard; name = Base; path = Base.lproj/Main.storyboard; sourceTree = "<group>"; };
		2BD1E7AE254D69B100DAB290 /* Assets.xcassets */ = {isa = PBXFileReference; lastKnownFileType = folder.assetcatalog; path = Assets.xcassets; sourceTree = "<group>"; };
		2BD1E7B1254D69B100DAB290 /* Base */ = {isa = PBXFileReference; lastKnownFileType = file.storyboard; name = Base; path = Base.lproj/LaunchScreen.storyboard; sourceTree = "<group>"; };
		2BD1E7B3254D69B100DAB290 /* Info.plist */ = {isa = PBXFileReference; lastKnownFileType = text.plist.xml; path = Info.plist; sourceTree = "<group>"; };
		2BD1E7DC254D81FC00DAB290 /* CoreDataStack.swift */ = {isa = PBXFileReference; lastKnownFileType = sourcecode.swift; path = CoreDataStack.swift; sourceTree = "<group>"; };
		2BD1E7E2254D83E400DAB290 /* MyMeals.xcdatamodel */ = {isa = PBXFileReference; lastKnownFileType = wrapper.xcdatamodel; path = MyMeals.xcdatamodel; sourceTree = "<group>"; };
		2BD1E7E4254D84CB00DAB290 /* User+CoreDataClass.swift */ = {isa = PBXFileReference; lastKnownFileType = sourcecode.swift; path = "User+CoreDataClass.swift"; sourceTree = "<group>"; };
		2BD1E7E5254D84CB00DAB290 /* User+CoreDataProperties.swift */ = {isa = PBXFileReference; lastKnownFileType = sourcecode.swift; path = "User+CoreDataProperties.swift"; sourceTree = "<group>"; };
		2BD1E7E6254D84CB00DAB290 /* Meal+CoreDataClass.swift */ = {isa = PBXFileReference; lastKnownFileType = sourcecode.swift; path = "Meal+CoreDataClass.swift"; sourceTree = "<group>"; };
		2BD1E7E7254D84CB00DAB290 /* Meal+CoreDataProperties.swift */ = {isa = PBXFileReference; lastKnownFileType = sourcecode.swift; path = "Meal+CoreDataProperties.swift"; sourceTree = "<group>"; };
/* End PBXFileReference section */

/* Begin PBXFrameworksBuildPhase section */
		2BD1E79F254D69AF00DAB290 /* Frameworks */ = {
			isa = PBXFrameworksBuildPhase;
			buildActionMask = 2147483647;
			files = (
			);
			runOnlyForDeploymentPostprocessing = 0;
		};
/* End PBXFrameworksBuildPhase section */

/* Begin PBXGroup section */
		2BD1E799254D69AF00DAB290 = {
			isa = PBXGroup;
			children = (
				2B0BAE92256FC5C7002E7654 /* .gitignore */,
				2BD1E7EC254D852D00DAB290 /* Core Data Entities */,
				2BD1E7A4254D69AF00DAB290 /* MyMealsCoreData */,
				2BD1E7A3254D69AF00DAB290 /* Products */,
			);
			sourceTree = "<group>";
		};
		2BD1E7A3254D69AF00DAB290 /* Products */ = {
			isa = PBXGroup;
			children = (
				2BD1E7A2254D69AF00DAB290 /* MyMealsCoreData.app */,
			);
			name = Products;
			sourceTree = "<group>";
		};
		2BD1E7A4254D69AF00DAB290 /* MyMealsCoreData */ = {
			isa = PBXGroup;
			children = (
				2BD1E7A5254D69AF00DAB290 /* AppDelegate.swift */,
				2BD1E7A7254D69AF00DAB290 /* SceneDelegate.swift */,
				2BD1E7A9254D69AF00DAB290 /* ViewController.swift */,
				2BD1E7DC254D81FC00DAB290 /* CoreDataStack.swift */,
				2BD1E7AB254D69AF00DAB290 /* Main.storyboard */,
				2BD1E7AE254D69B100DAB290 /* Assets.xcassets */,
				2BD1E7B0254D69B100DAB290 /* LaunchScreen.storyboard */,
				2BD1E7B3254D69B100DAB290 /* Info.plist */,
				2BD1E7E1254D83E400DAB290 /* MyMeals.xcdatamodeld */,
			);
			path = MyMealsCoreData;
			sourceTree = "<group>";
		};
		2BD1E7EC254D852D00DAB290 /* Core Data Entities */ = {
			isa = PBXGroup;
			children = (
				2BD1E7E4254D84CB00DAB290 /* User+CoreDataClass.swift */,
				2BD1E7E5254D84CB00DAB290 /* User+CoreDataProperties.swift */,
				2BD1E7E6254D84CB00DAB290 /* Meal+CoreDataClass.swift */,
				2BD1E7E7254D84CB00DAB290 /* Meal+CoreDataProperties.swift */,
			);
			path = "Core Data Entities";
			sourceTree = "<group>";
		};
/* End PBXGroup section */

/* Begin PBXNativeTarget section */
		2BD1E7A1254D69AF00DAB290 /* MyMealsCoreData */ = {
			isa = PBXNativeTarget;
			buildConfigurationList = 2BD1E7B6254D69B100DAB290 /* Build configuration list for PBXNativeTarget "MyMealsCoreData" */;
			buildPhases = (
				2BD1E79E254D69AF00DAB290 /* Sources */,
				2BD1E79F254D69AF00DAB290 /* Frameworks */,
				2BD1E7A0254D69AF00DAB290 /* Resources */,
			);
			buildRules = (
			);
			dependencies = (
			);
			name = MyMealsCoreData;
			productName = MyMealsCoreData;
			productReference = 2BD1E7A2254D69AF00DAB290 /* MyMealsCoreData.app */;
			productType = "com.apple.product-type.application";
		};
/* End PBXNativeTarget section */

/* Begin PBXProject section */
		2BD1E79A254D69AF00DAB290 /* Project object */ = {
			isa = PBXProject;
			attributes = {
				LastSwiftUpdateCheck = 1120;
				LastUpgradeCheck = 1210;
				ORGANIZATIONNAME = "Николаев Никита";
				TargetAttributes = {
					2BD1E7A1254D69AF00DAB290 = {
						CreatedOnToolsVersion = 11.2.1;
					};
				};
			};
			buildConfigurationList = 2BD1E79D254D69AF00DAB290 /* Build configuration list for PBXProject "MyMealsCoreData" */;
			compatibilityVersion = "Xcode 9.3";
			developmentRegion = en;
			hasScannedForEncodings = 0;
			knownRegions = (
				en,
				Base,
			);
			mainGroup = 2BD1E799254D69AF00DAB290;
			productRefGroup = 2BD1E7A3254D69AF00DAB290 /* Products */;
			projectDirPath = "";
			projectRoot = "";
			targets = (
				2BD1E7A1254D69AF00DAB290 /* MyMealsCoreData */,
			);
		};
/* End PBXProject section */

/* Begin PBXResourcesBuildPhase section */
		2BD1E7A0254D69AF00DAB290 /* Resources */ = {
			isa = PBXResourcesBuildPhase;
			buildActionMask = 2147483647;
			files = (
				2B0BAE93256FC5C7002E7654 /* .gitignore in Resources */,
				2BD1E7B2254D69B100DAB290 /* LaunchScreen.storyboard in Resources */,
				2BD1E7AF254D69B100DAB290 /* Assets.xcassets in Resources */,
				2BD1E7AD254D69AF00DAB290 /* Main.storyboard in Resources */,
			);
			runOnlyForDeploymentPostprocessing = 0;
		};
/* End PBXResourcesBuildPhase section */

/* Begin PBXSourcesBuildPhase section */
		2BD1E79E254D69AF00DAB290 /* Sources */ = {
			isa = PBXSourcesBuildPhase;
			buildActionMask = 2147483647;
			files = (
				2BD1E7AA254D69AF00DAB290 /* ViewController.swift in Sources */,
				2BD1E7A6254D69AF00DAB290 /* AppDelegate.swift in Sources */,
				2BD1E7E8254D84CB00DAB290 /* User+CoreDataClass.swift in Sources */,
				2BD1E7E9254D84CB00DAB290 /* User+CoreDataProperties.swift in Sources */,
				2BD1E7A8254D69AF00DAB290 /* SceneDelegate.swift in Sources */,
				2BD1E7EB254D84CB00DAB290 /* Meal+CoreDataProperties.swift in Sources */,
				2BD1E7DD254D81FC00DAB290 /* CoreDataStack.swift in Sources */,
				2BD1E7EA254D84CB00DAB290 /* Meal+CoreDataClass.swift in Sources */,
				2BD1E7E3254D83E400DAB290 /* MyMeals.xcdatamodeld in Sources */,
			);
			runOnlyForDeploymentPostprocessing = 0;
		};
/* End PBXSourcesBuildPhase section */

/* Begin PBXVariantGroup section */
		2BD1E7AB254D69AF00DAB290 /* Main.storyboard */ = {
			isa = PBXVariantGroup;
			children = (
				2BD1E7AC254D69AF00DAB290 /* Base */,
			);
			name = Main.storyboard;
			sourceTree = "<group>";
		};
		2BD1E7B0254D69B100DAB290 /* LaunchScreen.storyboard */ = {
			isa = PBXVariantGroup;
			children = (
				2BD1E7B1254D69B100DAB290 /* Base */,
			);
			name = LaunchScreen.storyboard;
			sourceTree = "<group>";
		};
/* End PBXVariantGroup section */

/* Begin XCBuildConfiguration section */
		2BD1E7B4254D69B100DAB290 /* Debug */ = {
			isa = XCBuildConfiguration;
			buildSettings = {
				ALWAYS_SEARCH_USER_PATHS = NO;
				CLANG_ANALYZER_NONNULL = YES;
				CLANG_ANALYZER_NUMBER_OBJECT_CONVERSION = YES_AGGRESSIVE;
				CLANG_CXX_LANGUAGE_STANDARD = "gnu++14";
				CLANG_CXX_LIBRARY = "libc++";
				CLANG_ENABLE_MODULES = YES;
				CLANG_ENABLE_OBJC_ARC = YES;
				CLANG_ENABLE_OBJC_WEAK = YES;
				CLANG_WARN_BLOCK_CAPTURE_AUTORELEASING = YES;
				CLANG_WARN_BOOL_CONVERSION = YES;
				CLANG_WARN_COMMA = YES;
				CLANG_WARN_CONSTANT_CONVERSION = YES;
				CLANG_WARN_DEPRECATED_OBJC_IMPLEMENTATIONS = YES;
				CLANG_WARN_DIRECT_OBJC_ISA_USAGE = YES_ERROR;
				CLANG_WARN_DOCUMENTATION_COMMENTS = YES;
				CLANG_WARN_EMPTY_BODY = YES;
				CLANG_WARN_ENUM_CONVERSION = YES;
				CLANG_WARN_INFINITE_RECURSION = YES;
				CLANG_WARN_INT_CONVERSION = YES;
				CLANG_WARN_NON_LITERAL_NULL_CONVERSION = YES;
				CLANG_WARN_OBJC_IMPLICIT_RETAIN_SELF = YES;
				CLANG_WARN_OBJC_LITERAL_CONVERSION = YES;
				CLANG_WARN_OBJC_ROOT_CLASS = YES_ERROR;
				CLANG_WARN_QUOTED_INCLUDE_IN_FRAMEWORK_HEADER = YES;
				CLANG_WARN_RANGE_LOOP_ANALYSIS = YES;
				CLANG_WARN_STRICT_PROTOTYPES = YES;
				CLANG_WARN_SUSPICIOUS_MOVE = YES;
				CLANG_WARN_UNGUARDED_AVAILABILITY = YES_AGGRESSIVE;
				CLANG_WARN_UNREACHABLE_CODE = YES;
				CLANG_WARN__DUPLICATE_METHOD_MATCH = YES;
				COPY_PHASE_STRIP = NO;
				DEBUG_INFORMATION_FORMAT = dwarf;
				ENABLE_STRICT_OBJC_MSGSEND = YES;
				ENABLE_TESTABILITY = YES;
				GCC_C_LANGUAGE_STANDARD = gnu11;
				GCC_DYNAMIC_NO_PIC = NO;
				GCC_NO_COMMON_BLOCKS = YES;
				GCC_OPTIMIZATION_LEVEL = 0;
				GCC_PREPROCESSOR_DEFINITIONS = (
					"DEBUG=1",
					"$(inherited)",
				);
				GCC_WARN_64_TO_32_BIT_CONVERSION = YES;
				GCC_WARN_ABOUT_RETURN_TYPE = YES_ERROR;
				GCC_WARN_UNDECLARED_SELECTOR = YES;
				GCC_WARN_UNINITIALIZED_AUTOS = YES_AGGRESSIVE;
				GCC_WARN_UNUSED_FUNCTION = YES;
				GCC_WARN_UNUSED_VARIABLE = YES;
				IPHONEOS_DEPLOYMENT_TARGET = 13.2;
				MTL_ENABLE_DEBUG_INFO = INCLUDE_SOURCE;
				MTL_FAST_MATH = YES;
				ONLY_ACTIVE_ARCH = YES;
				SDKROOT = iphoneos;
				SWIFT_ACTIVE_COMPILATION_CONDITIONS = DEBUG;
				SWIFT_OPTIMIZATION_LEVEL = "-Onone";
			};
			name = Debug;
		};
		2BD1E7B5254D69B100DAB290 /* Release */ = {
			isa = XCBuildConfiguration;
			buildSettings = {
				ALWAYS_SEARCH_USER_PATHS = NO;
				CLANG_ANALYZER_NONNULL = YES;
				CLANG_ANALYZER_NUMBER_OBJECT_CONVERSION = YES_AGGRESSIVE;
				CLANG_CXX_LANGUAGE_STANDARD = "gnu++14";
				CLANG_CXX_LIBRARY = "libc++";
				CLANG_ENABLE_MODULES = YES;
				CLANG_ENABLE_OBJC_ARC = YES;
				CLANG_ENABLE_OBJC_WEAK = YES;
				CLANG_WARN_BLOCK_CAPTURE_AUTORELEASING = YES;
				CLANG_WARN_BOOL_CONVERSION = YES;
				CLANG_WARN_COMMA = YES;
				CLANG_WARN_CONSTANT_CONVERSION = YES;
				CLANG_WARN_DEPRECATED_OBJC_IMPLEMENTATIONS = YES;
				CLANG_WARN_DIRECT_OBJC_ISA_USAGE = YES_ERROR;
				CLANG_WARN_DOCUMENTATION_COMMENTS = YES;
				CLANG_WARN_EMPTY_BODY = YES;
				CLANG_WARN_ENUM_CONVERSION = YES;
				CLANG_WARN_INFINITE_RECURSION = YES;
				CLANG_WARN_INT_CONVERSION = YES;
				CLANG_WARN_NON_LITERAL_NULL_CONVERSION = YES;
				CLANG_WARN_OBJC_IMPLICIT_RETAIN_SELF = YES;
				CLANG_WARN_OBJC_LITERAL_CONVERSION = YES;
				CLANG_WARN_OBJC_ROOT_CLASS = YES_ERROR;
				CLANG_WARN_QUOTED_INCLUDE_IN_FRAMEWORK_HEADER = YES;
				CLANG_WARN_RANGE_LOOP_ANALYSIS = YES;
				CLANG_WARN_STRICT_PROTOTYPES = YES;
				CLANG_WARN_SUSPICIOUS_MOVE = YES;
				CLANG_WARN_UNGUARDED_AVAILABILITY = YES_AGGRESSIVE;
				CLANG_WARN_UNREACHABLE_CODE = YES;
				CLANG_WARN__DUPLICATE_METHOD_MATCH = YES;
				COPY_PHASE_STRIP = NO;
				DEBUG_INFORMATION_FORMAT = "dwarf-with-dsym";
				ENABLE_NS_ASSERTIONS = NO;
				ENABLE_STRICT_OBJC_MSGSEND = YES;
				GCC_C_LANGUAGE_STANDARD = gnu11;
				GCC_NO_COMMON_BLOCKS = YES;
				GCC_WARN_64_TO_32_BIT_CONVERSION = YES;
				GCC_WARN_ABOUT_RETURN_TYPE = YES_ERROR;
				GCC_WARN_UNDECLARED_SELECTOR = YES;
				GCC_WARN_UNINITIALIZED_AUTOS = YES_AGGRESSIVE;
				GCC_WARN_UNUSED_FUNCTION = YES;
				GCC_WARN_UNUSED_VARIABLE = YES;
				IPHONEOS_DEPLOYMENT_TARGET = 13.2;
				MTL_ENABLE_DEBUG_INFO = NO;
				MTL_FAST_MATH = YES;
				SDKROOT = iphoneos;
				SWIFT_COMPILATION_MODE = wholemodule;
				SWIFT_OPTIMIZATION_LEVEL = "-O";
				VALIDATE_PRODUCT = YES;
			};
			name = Release;
		};
		2BD1E7B7254D69B100DAB290 /* Debug */ = {
			isa = XCBuildConfiguration;
			buildSettings = {
				ASSETCATALOG_COMPILER_APPICON_NAME = AppIcon;
				CODE_SIGN_STYLE = Automatic;
				DEVELOPMENT_TEAM = RJ4445TKU6;
				INFOPLIST_FILE = MyMealsCoreData/Info.plist;
				LD_RUNPATH_SEARCH_PATHS = (
					"$(inherited)",
					"@executable_path/Frameworks",
				);
				PRODUCT_BUNDLE_IDENTIFIER = com.example.MyMealsCoreData;
				PRODUCT_NAME = "$(TARGET_NAME)";
				SWIFT_VERSION = 5.0;
				TARGETED_DEVICE_FAMILY = "1,2";
			};
			name = Debug;
		};
		2BD1E7B8254D69B100DAB290 /* Release */ = {
			isa = XCBuildConfiguration;
			buildSettings = {
				ASSETCATALOG_COMPILER_APPICON_NAME = AppIcon;
				CODE_SIGN_STYLE = Automatic;
				DEVELOPMENT_TEAM = RJ4445TKU6;
				INFOPLIST_FILE = MyMealsCoreData/Info.plist;
				LD_RUNPATH_SEARCH_PATHS = (
					"$(inherited)",
					"@executable_path/Frameworks",
				);
				PRODUCT_BUNDLE_IDENTIFIER = com.example.MyMealsCoreData;
				PRODUCT_NAME = "$(TARGET_NAME)";
				SWIFT_VERSION = 5.0;
				TARGETED_DEVICE_FAMILY = "1,2";
			};
			name = Release;
		};
/* End XCBuildConfiguration section */

/* Begin XCConfigurationList section */
		2BD1E79D254D69AF00DAB290 /* Build configuration list for PBXProject "MyMealsCoreData" */ = {
			isa = XCConfigurationList;
			buildConfigurations = (
				2BD1E7B4254D69B100DAB290 /* Debug */,
				2BD1E7B5254D69B100DAB290 /* Release */,
			);
			defaultConfigurationIsVisible = 0;
			defaultConfigurationName = Release;
		};
		2BD1E7B6254D69B100DAB290 /* Build configuration list for PBXNativeTarget "MyMealsCoreData" */ = {
			isa = XCConfigurationList;
			buildConfigurations = (
				2BD1E7B7254D69B100DAB290 /* Debug */,
				2BD1E7B8254D69B100DAB290 /* Release */,
			);
			defaultConfigurationIsVisible = 0;
			defaultConfigurationName = Release;
		};
/* End XCConfigurationList section */

/* Begin XCVersionGroup section */
		2BD1E7E1254D83E400DAB290 /* MyMeals.xcdatamodeld */ = {
			isa = XCVersionGroup;
			children = (
				2BD1E7E2254D83E400DAB290 /* MyMeals.xcdatamodel */,
			);
			currentVersion = 2BD1E7E2254D83E400DAB290 /* MyMeals.xcdatamodel */;
			path = MyMeals.xcdatamodeld;
			sourceTree = "<group>";
			versionGroupType = wrapper.xcdatamodel;
		};
/* End XCVersionGroup section */
	};
	rootObject = 2BD1E79A254D69AF00DAB290 /* Project object */;
}
